
Microsoft Visual Studio Solution File, Format Version 12.00
# Visual Studio Version 16
VisualStudioVersion = 16.0.30804.86
MinimumVisualStudioVersion = 10.0.40219.1
Project("{FAE04EC0-301F-11D3-BF4B-00C04F79EFBC}") = "CarController", "CarController\CarController.csproj", "{F631ADEC-403D-49B1-B791-455278503535}"
EndProject
Global
	GlobalSection(SolutionConfigurationPlatforms) = preSolution
		Debug|Any CPU = Debug|Any CPU
		Release|Any CPU = Release|Any CPU
	EndGlobalSection
	GlobalSection(ProjectConfigurationPlatforms) = postSolution
		{F631ADEC-403D-49B1-B791-455278503535}.Debug|Any CPU.ActiveCfg = Debug|Any CPU
		{F631ADEC-403D-49B1-B791-455278503535}.Debug|Any CPU.Build.0 = Debug|Any CPU
		{F631ADEC-403D-49B1-B791-455278503535}.Release|Any CPU.ActiveCfg = Release|Any CPU
		{F631ADEC-403D-49B1-B791-455278503535}.Release|Any CPU.Build.0 = Release|Any CPU
	EndGlobalSection
	GlobalSection(SolutionProperties) = preSolution
		HideSolutionNode = FALSE
	EndGlobalSection
	GlobalSection(ExtensibilityGlobals) = postSolution
		SolutionGuid = {5EE8D085-05B0-416E-96D1-FE4B239AF14E}
	EndGlobalSection
EndGlobal
